
Microsoft Visual Studio Solution File, Format Version 12.00
# Visual Studio Version 17
VisualStudioVersion = 17.7.34221.43
MinimumVisualStudioVersion = 10.0.40219.1
Project("{9A19103F-16F7-4668-BE54-9A1E7A4F7556}") = "Furni.UI", "Furni.UI\Furni.UI.csproj", "{1EDBE387-99A2-4656-A83D-DE00087582B5}"
EndProject
Project("{9A19103F-16F7-4668-BE54-9A1E7A4F7556}") = "Furni.Api", "Furni.Api\Furni.Api.csproj", "{794FEB06-C4CF-46D2-98F7-D937A679395D}"
EndProject
Global
	GlobalSection(SolutionConfigurationPlatforms) = preSolution
		Debug|Any CPU = Debug|Any CPU
		Release|Any CPU = Release|Any CPU
	EndGlobalSection
	GlobalSection(ProjectConfigurationPlatforms) = postSolution
		{1EDBE387-99A2-4656-A83D-DE00087582B5}.Debug|Any CPU.ActiveCfg = Debug|Any CPU
		{1EDBE387-99A2-4656-A83D-DE00087582B5}.Debug|Any CPU.Build.0 = Debug|Any CPU
		{1EDBE387-99A2-4656-A83D-DE00087582B5}.Release|Any CPU.ActiveCfg = Release|Any CPU
		{1EDBE387-99A2-4656-A83D-DE00087582B5}.Release|Any CPU.Build.0 = Release|Any CPU
		{794FEB06-C4CF-46D2-98F7-D937A679395D}.Debug|Any CPU.ActiveCfg = Debug|Any CPU
		{794FEB06-C4CF-46D2-98F7-D937A679395D}.Debug|Any CPU.Build.0 = Debug|Any CPU
		{794FEB06-C4CF-46D2-98F7-D937A679395D}.Release|Any CPU.ActiveCfg = Release|Any CPU
		{794FEB06-C4CF-46D2-98F7-D937A679395D}.Release|Any CPU.Build.0 = Release|Any CPU
	EndGlobalSection
	GlobalSection(SolutionProperties) = preSolution
		HideSolutionNode = FALSE
	EndGlobalSection
	GlobalSection(ExtensibilityGlobals) = postSolution
		SolutionGuid = {535F5FA0-6A1D-4C65-ABDF-7298862DB830}
	EndGlobalSection
EndGlobal
